{
  "pins" : [
    {
      "identity" : "placement",
      "kind" : "remoteSourceControl",
      "location" : "https://github.com/sampettersson/Placement",
      "state" : {
        "revision" : "2dc510fb7d36dd49dc3857c95d69653cc3836a40",
        "version" : "1.4.1"
      }
    },
    {
      "identity" : "swift-snapshot-testing",
      "kind" : "remoteSourceControl",
      "location" : "https://github.com/pointfreeco/swift-snapshot-testing",
      "state" : {
        "revision" : "cef5b3f6f11781dd4591bdd1dd0a3d22bd609334",
        "version" : "1.11.0"
      }
    }
  ],
  "version" : 2
}
